
Microsoft Visual Studio Solution File, Format Version 12.00
# Visual Studio Version 16
VisualStudioVersion = 16.0.31025.194
MinimumVisualStudioVersion = 10.0.40219.1
Project("{9A19103F-16F7-4668-BE54-9A1E7A4F7556}") = "EliteFirstEncounter", "EliteFirstEncounter\EliteFirstEncounter.csproj", "{0F7B3FAE-4724-4177-A31D-A101C46D72EA}"
EndProject
Project("{FAE04EC0-301F-11D3-BF4B-00C04F79EFBC}") = "EliteJsonParser", "EliteJsonParser\EliteJsonParser.csproj", "{0398BAB4-48C2-4A37-B184-B22AC321A44A}"
EndProject
Global
	GlobalSection(SolutionConfigurationPlatforms) = preSolution
		Debug|Any CPU = Debug|Any CPU
		Release|Any CPU = Release|Any CPU
	EndGlobalSection
	GlobalSection(ProjectConfigurationPlatforms) = postSolution
		{0F7B3FAE-4724-4177-A31D-A101C46D72EA}.Debug|Any CPU.ActiveCfg = Debug|Any CPU
		{0F7B3FAE-4724-4177-A31D-A101C46D72EA}.Debug|Any CPU.Build.0 = Debug|Any CPU
		{0F7B3FAE-4724-4177-A31D-A101C46D72EA}.Release|Any CPU.ActiveCfg = Release|Any CPU
		{0F7B3FAE-4724-4177-A31D-A101C46D72EA}.Release|Any CPU.Build.0 = Release|Any CPU
		{0398BAB4-48C2-4A37-B184-B22AC321A44A}.Debug|Any CPU.ActiveCfg = Debug|Any CPU
		{0398BAB4-48C2-4A37-B184-B22AC321A44A}.Debug|Any CPU.Build.0 = Debug|Any CPU
		{0398BAB4-48C2-4A37-B184-B22AC321A44A}.Release|Any CPU.ActiveCfg = Release|Any CPU
		{0398BAB4-48C2-4A37-B184-B22AC321A44A}.Release|Any CPU.Build.0 = Release|Any CPU
	EndGlobalSection
	GlobalSection(SolutionProperties) = preSolution
		HideSolutionNode = FALSE
	EndGlobalSection
	GlobalSection(ExtensibilityGlobals) = postSolution
		SolutionGuid = {62374C10-D015-4FBF-B32E-2EB8402EE55F}
	EndGlobalSection
EndGlobal
